
Microsoft Visual Studio Solution File, Format Version 12.00
# Visual Studio Version 17
VisualStudioVersion = 17.8.34408.163
MinimumVisualStudioVersion = 10.0.40219.1
Project("{FAE04EC0-301F-11D3-BF4B-00C04F79EFBC}") = "MainWebApp", "..\MainWebApp\MainWebApp.csproj", "{819A0878-0CDC-46BE-BAB0-89B468788EBC}"
EndProject
Global
	GlobalSection(SolutionConfigurationPlatforms) = preSolution
		Debug|Any CPU = Debug|Any CPU
		Release|Any CPU = Release|Any CPU
	EndGlobalSection
	GlobalSection(ProjectConfigurationPlatforms) = postSolution
		{819A0878-0CDC-46BE-BAB0-89B468788EBC}.Debug|Any CPU.ActiveCfg = Debug|Any CPU
		{819A0878-0CDC-46BE-BAB0-89B468788EBC}.Debug|Any CPU.Build.0 = Debug|Any CPU
		{819A0878-0CDC-46BE-BAB0-89B468788EBC}.Release|Any CPU.ActiveCfg = Release|Any CPU
		{819A0878-0CDC-46BE-BAB0-89B468788EBC}.Release|Any CPU.Build.0 = Release|Any CPU
	EndGlobalSection
	GlobalSection(SolutionProperties) = preSolution
		HideSolutionNode = FALSE
	EndGlobalSection
	GlobalSection(ExtensibilityGlobals) = postSolution
		SolutionGuid = {42617AFD-6D04-4CDF-8F1E-D7B6EF2FBC9D}
	EndGlobalSection
EndGlobal
